
Microsoft Visual Studio Solution File, Format Version 12.00
# Visual Studio Version 16
VisualStudioVersion = 16.0.30907.101
MinimumVisualStudioVersion = 10.0.40219.1
Project("{FAE04EC0-301F-11D3-BF4B-00C04F79EFBC}") = "ClassMetotDemo", "ClassMetotDemo.csproj", "{80444F96-719C-4A15-9458-8C216EF50332}"
EndProject
Global
	GlobalSection(SolutionConfigurationPlatforms) = preSolution
		Debug|Any CPU = Debug|Any CPU
		Release|Any CPU = Release|Any CPU
	EndGlobalSection
	GlobalSection(ProjectConfigurationPlatforms) = postSolution
		{80444F96-719C-4A15-9458-8C216EF50332}.Debug|Any CPU.ActiveCfg = Debug|Any CPU
		{80444F96-719C-4A15-9458-8C216EF50332}.Debug|Any CPU.Build.0 = Debug|Any CPU
		{80444F96-719C-4A15-9458-8C216EF50332}.Release|Any CPU.ActiveCfg = Release|Any CPU
		{80444F96-719C-4A15-9458-8C216EF50332}.Release|Any CPU.Build.0 = Release|Any CPU
	EndGlobalSection
	GlobalSection(SolutionProperties) = preSolution
		HideSolutionNode = FALSE
	EndGlobalSection
	GlobalSection(ExtensibilityGlobals) = postSolution
		SolutionGuid = {BE926E64-D912-4633-81FC-E03B25C93B1E}
	EndGlobalSection
EndGlobal
